
Microsoft Visual Studio Solution File, Format Version 12.00
# Visual Studio Version 16
VisualStudioVersion = 16.0.29025.244
MinimumVisualStudioVersion = 10.0.40219.1
Project("{9A19103F-16F7-4668-BE54-9A1E7A4F7556}") = "XYZ.Api", "XYZ.Api\XYZ.Api.csproj", "{13516700-D5C4-4D42-B737-22BCD93045C2}"
EndProject
Project("{9A19103F-16F7-4668-BE54-9A1E7A4F7556}") = "XYZ.IdentityMicroservice", "XYZ.IdentityMicroservice\XYZ.IdentityMicroservice.csproj", "{D2F94906-CDBE-4745-BA64-63A7B3612D4E}"
EndProject
Project("{2150E333-8FDC-42A3-9474-1A3956D46DE8}") = "Solution Items", "Solution Items", "{F96EFFEB-9B9B-4DA0-91AC-B205BCB6E8D5}"
	ProjectSection(SolutionItems) = preProject
		..\.gitignore = ..\.gitignore
		..\ClientAPISwagger.png = ..\ClientAPISwagger.png
		..\IdentityMicroserviceAuth.png = ..\IdentityMicroserviceAuth.png
		..\IdentityMicroserviceSwagger.png = ..\IdentityMicroserviceSwagger.png
		..\LICENSE = ..\LICENSE
		..\README.md = ..\README.md
	EndProjectSection
EndProject
Global
	GlobalSection(SolutionConfigurationPlatforms) = preSolution
		Debug|Any CPU = Debug|Any CPU
		Release|Any CPU = Release|Any CPU
	EndGlobalSection
	GlobalSection(ProjectConfigurationPlatforms) = postSolution
		{13516700-D5C4-4D42-B737-22BCD93045C2}.Debug|Any CPU.ActiveCfg = Debug|Any CPU
		{13516700-D5C4-4D42-B737-22BCD93045C2}.Debug|Any CPU.Build.0 = Debug|Any CPU
		{13516700-D5C4-4D42-B737-22BCD93045C2}.Release|Any CPU.ActiveCfg = Release|Any CPU
		{13516700-D5C4-4D42-B737-22BCD93045C2}.Release|Any CPU.Build.0 = Release|Any CPU
		{D2F94906-CDBE-4745-BA64-63A7B3612D4E}.Debug|Any CPU.ActiveCfg = Debug|Any CPU
		{D2F94906-CDBE-4745-BA64-63A7B3612D4E}.Debug|Any CPU.Build.0 = Debug|Any CPU
		{D2F94906-CDBE-4745-BA64-63A7B3612D4E}.Release|Any CPU.ActiveCfg = Release|Any CPU
		{D2F94906-CDBE-4745-BA64-63A7B3612D4E}.Release|Any CPU.Build.0 = Release|Any CPU
	EndGlobalSection
	GlobalSection(SolutionProperties) = preSolution
		HideSolutionNode = FALSE
	EndGlobalSection
	GlobalSection(ExtensibilityGlobals) = postSolution
		SolutionGuid = {990D9AAB-7DE2-4F57-973D-2DFA50A37938}
	EndGlobalSection
EndGlobal
